
Microsoft Visual Studio Solution File, Format Version 12.00
# Visual Studio Version 17
VisualStudioVersion = 17.4.33213.308
MinimumVisualStudioVersion = 10.0.40219.1
Project("{FAE04EC0-301F-11D3-BF4B-00C04F79EFBC}") = "PrimerGUI", "PrimerGUI\PrimerGUI.csproj", "{B6B0DF37-1057-42C5-B3B0-39B9F16B27E3}"
EndProject
Global
	GlobalSection(SolutionConfigurationPlatforms) = preSolution
		Debug|Any CPU = Debug|Any CPU
		Release|Any CPU = Release|Any CPU
	EndGlobalSection
	GlobalSection(ProjectConfigurationPlatforms) = postSolution
		{B6B0DF37-1057-42C5-B3B0-39B9F16B27E3}.Debug|Any CPU.ActiveCfg = Debug|Any CPU
		{B6B0DF37-1057-42C5-B3B0-39B9F16B27E3}.Debug|Any CPU.Build.0 = Debug|Any CPU
		{B6B0DF37-1057-42C5-B3B0-39B9F16B27E3}.Release|Any CPU.ActiveCfg = Release|Any CPU
		{B6B0DF37-1057-42C5-B3B0-39B9F16B27E3}.Release|Any CPU.Build.0 = Release|Any CPU
	EndGlobalSection
	GlobalSection(SolutionProperties) = preSolution
		HideSolutionNode = FALSE
	EndGlobalSection
	GlobalSection(ExtensibilityGlobals) = postSolution
		SolutionGuid = {6490D84C-6270-4CDD-8F24-D134C30B7889}
	EndGlobalSection
EndGlobal
